
Microsoft Visual Studio Solution File, Format Version 12.00
# Visual Studio 15
VisualStudioVersion = 15.0.28307.271
MinimumVisualStudioVersion = 10.0.40219.1
Project("{00D1A9C2-B5F0-4AF3-8072-F6C62B433612}") = "ProjektDenorm", "ProjektDenorm\ProjektDenorm.sqlproj", "{D5EFDC31-9551-4084-8805-8574CADD26CB}"
EndProject
Global
	GlobalSection(SolutionConfigurationPlatforms) = preSolution
		Debug|Any CPU = Debug|Any CPU
		Release|Any CPU = Release|Any CPU
	EndGlobalSection
	GlobalSection(ProjectConfigurationPlatforms) = postSolution
		{D5EFDC31-9551-4084-8805-8574CADD26CB}.Debug|Any CPU.ActiveCfg = Debug|Any CPU
		{D5EFDC31-9551-4084-8805-8574CADD26CB}.Debug|Any CPU.Build.0 = Debug|Any CPU
		{D5EFDC31-9551-4084-8805-8574CADD26CB}.Debug|Any CPU.Deploy.0 = Debug|Any CPU
		{D5EFDC31-9551-4084-8805-8574CADD26CB}.Release|Any CPU.ActiveCfg = Release|Any CPU
		{D5EFDC31-9551-4084-8805-8574CADD26CB}.Release|Any CPU.Build.0 = Release|Any CPU
		{D5EFDC31-9551-4084-8805-8574CADD26CB}.Release|Any CPU.Deploy.0 = Release|Any CPU
	EndGlobalSection
	GlobalSection(SolutionProperties) = preSolution
		HideSolutionNode = FALSE
	EndGlobalSection
	GlobalSection(ExtensibilityGlobals) = postSolution
		SolutionGuid = {D277E86A-FEAB-4477-A09C-8EBDE99104AD}
	EndGlobalSection
EndGlobal
